// !$*UTF8*$!
{
	archiveVersion = 1;
	classes = {
	};
	objectVersion = 51;
	objects = {

/* Begin PBXBuildFile section */
		0FC55C88D5D8A2980D60250B /* Pods_NewARapp.framework in Frameworks */ = {isa = PBXBuildFile; fileRef = 610D7E2D7990F508812356DF /* Pods_NewARapp.framework */; };
		7BFCF46D240EC4890018AC1C /* AppDelegate.swift in Sources */ = {isa = PBXBuildFile; fileRef = 7BFCF46C240EC4890018AC1C /* AppDelegate.swift */; };
		7BFCF46F240EC4890018AC1C /* art.scnassets in Resources */ = {isa = PBXBuildFile; fileRef = 7BFCF46E240EC4890018AC1C /* art.scnassets */; };
		7BFCF471240EC4890018AC1C /* ViewController.swift in Sources */ = {isa = PBXBuildFile; fileRef = 7BFCF470240EC4890018AC1C /* ViewController.swift */; };
		7BFCF474240EC4890018AC1C /* Main.storyboard in Resources */ = {isa = PBXBuildFile; fileRef = 7BFCF472240EC4890018AC1C /* Main.storyboard */; };
		7BFCF476240EC48E0018AC1C /* Assets.xcassets in Resources */ = {isa = PBXBuildFile; fileRef = 7BFCF475240EC48E0018AC1C /* Assets.xcassets */; };
		7BFCF479240EC48E0018AC1C /* LaunchScreen.storyboard in Resources */ = {isa = PBXBuildFile; fileRef = 7BFCF477240EC48E0018AC1C /* LaunchScreen.storyboard */; };
		7BFCF481240ECE2F0018AC1C /* GoogleService-Info.plist in Resources */ = {isa = PBXBuildFile; fileRef = 7BFCF480240ECE2F0018AC1C /* GoogleService-Info.plist */; };
/* End PBXBuildFile section */

/* Begin PBXFileReference section */
		0551619D76EC36D69E2F616F /* Pods-NewARapp.debug.xcconfig */ = {isa = PBXFileReference; includeInIndex = 1; lastKnownFileType = text.xcconfig; name = "Pods-NewARapp.debug.xcconfig"; path = "Target Support Files/Pods-NewARapp/Pods-NewARapp.debug.xcconfig"; sourceTree = "<group>"; };
		4FD24CD3D5C67B14F6788D71 /* Pods-NewARapp.release.xcconfig */ = {isa = PBXFileReference; includeInIndex = 1; lastKnownFileType = text.xcconfig; name = "Pods-NewARapp.release.xcconfig"; path = "Target Support Files/Pods-NewARapp/Pods-NewARapp.release.xcconfig"; sourceTree = "<group>"; };
		610D7E2D7990F508812356DF /* Pods_NewARapp.framework */ = {isa = PBXFileReference; explicitFileType = wrapper.framework; includeInIndex = 0; path = Pods_NewARapp.framework; sourceTree = BUILT_PRODUCTS_DIR; };
		7BFCF469240EC4890018AC1C /* NewARapp.app */ = {isa = PBXFileReference; explicitFileType = wrapper.application; includeInIndex = 0; path = NewARapp.app; sourceTree = BUILT_PRODUCTS_DIR; };
		7BFCF46C240EC4890018AC1C /* AppDelegate.swift */ = {isa = PBXFileReference; lastKnownFileType = sourcecode.swift; path = AppDelegate.swift; sourceTree = "<group>"; };
		7BFCF46E240EC4890018AC1C /* art.scnassets */ = {isa = PBXFileReference; lastKnownFileType = wrapper.scnassets; path = art.scnassets; sourceTree = "<group>"; };
		7BFCF470240EC4890018AC1C /* ViewController.swift */ = {isa = PBXFileReference; lastKnownFileType = sourcecode.swift; path = ViewController.swift; sourceTree = "<group>"; };
		7BFCF473240EC4890018AC1C /* Base */ = {isa = PBXFileReference; lastKnownFileType = file.storyboard; name = Base; path = Base.lproj/Main.storyboard; sourceTree = "<group>"; };
		7BFCF475240EC48E0018AC1C /* Assets.xcassets */ = {isa = PBXFileReference; lastKnownFileType = folder.assetcatalog; path = Assets.xcassets; sourceTree = "<group>"; };
		7BFCF478240EC48E0018AC1C /* Base */ = {isa = PBXFileReference; lastKnownFileType = file.storyboard; name = Base; path = Base.lproj/LaunchScreen.storyboard; sourceTree = "<group>"; };
		7BFCF47A240EC48E0018AC1C /* Info.plist */ = {isa = PBXFileReference; lastKnownFileType = text.plist.xml; path = Info.plist; sourceTree = "<group>"; };
		7BFCF480240ECE2F0018AC1C /* GoogleService-Info.plist */ = {isa = PBXFileReference; fileEncoding = 4; lastKnownFileType = text.plist.xml; path = "GoogleService-Info.plist"; sourceTree = "<group>"; };
/* End PBXFileReference section */

/* Begin PBXFrameworksBuildPhase section */
		7BFCF466240EC4890018AC1C /* Frameworks */ = {
			isa = PBXFrameworksBuildPhase;
			buildActionMask = 2147483647;
			files = (
				0FC55C88D5D8A2980D60250B /* Pods_NewARapp.framework in Frameworks */,
			);
			runOnlyForDeploymentPostprocessing = 0;
		};
/* End PBXFrameworksBuildPhase section */

/* Begin PBXGroup section */
		7BFCF460240EC4890018AC1C = {
			isa = PBXGroup;
			children = (
				7BFCF46B240EC4890018AC1C /* NewARapp */,
				7BFCF46A240EC4890018AC1C /* Products */,
				953A8FEE5B9D3D19F5FD4BFA /* Pods */,
				8EC82B70CDC5406D19DC8FA1 /* Frameworks */,
			);
			sourceTree = "<group>";
		};
		7BFCF46A240EC4890018AC1C /* Products */ = {
			isa = PBXGroup;
			children = (
				7BFCF469240EC4890018AC1C /* NewARapp.app */,
			);
			name = Products;
			sourceTree = "<group>";
		};
		7BFCF46B240EC4890018AC1C /* NewARapp */ = {
			isa = PBXGroup;
			children = (
				7BFCF46C240EC4890018AC1C /* AppDelegate.swift */,
				7BFCF46E240EC4890018AC1C /* art.scnassets */,
				7BFCF470240EC4890018AC1C /* ViewController.swift */,
				7BFCF472240EC4890018AC1C /* Main.storyboard */,
				7BFCF475240EC48E0018AC1C /* Assets.xcassets */,
				7BFCF477240EC48E0018AC1C /* LaunchScreen.storyboard */,
				7BFCF480240ECE2F0018AC1C /* GoogleService-Info.plist */,
				7BFCF47A240EC48E0018AC1C /* Info.plist */,
			);
			path = NewARapp;
			sourceTree = "<group>";
		};
		8EC82B70CDC5406D19DC8FA1 /* Frameworks */ = {
			isa = PBXGroup;
			children = (
				610D7E2D7990F508812356DF /* Pods_NewARapp.framework */,
			);
			name = Frameworks;
			sourceTree = "<group>";
		};
		953A8FEE5B9D3D19F5FD4BFA /* Pods */ = {
			isa = PBXGroup;
			children = (
				0551619D76EC36D69E2F616F /* Pods-NewARapp.debug.xcconfig */,
				4FD24CD3D5C67B14F6788D71 /* Pods-NewARapp.release.xcconfig */,
			);
			path = Pods;
			sourceTree = "<group>";
		};
/* End PBXGroup section */

/* Begin PBXNativeTarget section */
		7BFCF468240EC4890018AC1C /* NewARapp */ = {
			isa = PBXNativeTarget;
			buildConfigurationList = 7BFCF47D240EC48E0018AC1C /* Build configuration list for PBXNativeTarget "NewARapp" */;
			buildPhases = (
				AC35929D98018DC6123DD2AB /* [CP] Check Pods Manifest.lock */,
				7BFCF465240EC4890018AC1C /* Sources */,
				7BFCF466240EC4890018AC1C /* Frameworks */,
				7BFCF467240EC4890018AC1C /* Resources */,
				E17AAE57AB9742BDBA88BB1C /* [CP] Embed Pods Frameworks */,
			);
			buildRules = (
			);
			dependencies = (
			);
			name = NewARapp;
			productName = NewARapp;
			productReference = 7BFCF469240EC4890018AC1C /* NewARapp.app */;
			productType = "com.apple.product-type.application";
		};
/* End PBXNativeTarget section */

/* Begin PBXProject section */
		7BFCF461240EC4890018AC1C /* Project object */ = {
			isa = PBXProject;
			attributes = {
				LastSwiftUpdateCheck = 1130;
				LastUpgradeCheck = 1130;
				ORGANIZATIONNAME = "Нурдуман Айдосов";
				TargetAttributes = {
					7BFCF468240EC4890018AC1C = {
						CreatedOnToolsVersion = 11.3.1;
					};
				};
			};
			buildConfigurationList = 7BFCF464240EC4890018AC1C /* Build configuration list for PBXProject "NewARapp" */;
			compatibilityVersion = "Xcode 9.3";
			developmentRegion = en;
			hasScannedForEncodings = 0;
			knownRegions = (
				en,
				Base,
			);
			mainGroup = 7BFCF460240EC4890018AC1C;
			productRefGroup = 7BFCF46A240EC4890018AC1C /* Products */;
			projectDirPath = "";
			projectRoot = "";
			targets = (
				7BFCF468240EC4890018AC1C /* NewARapp */,
			);
		};
/* End PBXProject section */

/* Begin PBXResourcesBuildPhase section */
		7BFCF467240EC4890018AC1C /* Resources */ = {
			isa = PBXResourcesBuildPhase;
			buildActionMask = 2147483647;
			files = (
				7BFCF46F240EC4890018AC1C /* art.scnassets in Resources */,
				7BFCF479240EC48E0018AC1C /* LaunchScreen.storyboard in Resources */,
				7BFCF481240ECE2F0018AC1C /* GoogleService-Info.plist in Resources */,
				7BFCF476240EC48E0018AC1C /* Assets.xcassets in Resources */,
				7BFCF474240EC4890018AC1C /* Main.storyboard in Resources */,
			);
			runOnlyForDeploymentPostprocessing = 0;
		};
/* End PBXResourcesBuildPhase section */

/* Begin PBXShellScriptBuildPhase section */
		AC35929D98018DC6123DD2AB /* [CP] Check Pods Manifest.lock */ = {
			isa = PBXShellScriptBuildPhase;
			buildActionMask = 2147483647;
			files = (
			);
			inputFileListPaths = (
			);
			inputPaths = (
				"${PODS_PODFILE_DIR_PATH}/Podfile.lock",
				"${PODS_ROOT}/Manifest.lock",
			);
			name = "[CP] Check Pods Manifest.lock";
			outputFileListPaths = (
			);
			outputPaths = (
				"$(DERIVED_FILE_DIR)/Pods-NewARapp-checkManifestLockResult.txt",
			);
			runOnlyForDeploymentPostprocessing = 0;
			shellPath = /bin/sh;
			shellScript = "diff \"${PODS_PODFILE_DIR_PATH}/Podfile.lock\" \"${PODS_ROOT}/Manifest.lock\" > /dev/null\nif [ $? != 0 ] ; then\n    # print error to STDERR\n    echo \"error: The sandbox is not in sync with the Podfile.lock. Run 'pod install' or update your CocoaPods installation.\" >&2\n    exit 1\nfi\n# This output is used by Xcode 'outputs' to avoid re-running this script phase.\necho \"SUCCESS\" > \"${SCRIPT_OUTPUT_FILE_0}\"\n";
			showEnvVarsInLog = 0;
		};
		E17AAE57AB9742BDBA88BB1C /* [CP] Embed Pods Frameworks */ = {
			isa = PBXShellScriptBuildPhase;
			buildActionMask = 2147483647;
			files = (
			);
			inputFileListPaths = (
				"${PODS_ROOT}/Target Support Files/Pods-NewARapp/Pods-NewARapp-frameworks-${CONFIGURATION}-input-files.xcfilelist",
			);
			name = "[CP] Embed Pods Frameworks";
			outputFileListPaths = (
				"${PODS_ROOT}/Target Support Files/Pods-NewARapp/Pods-NewARapp-frameworks-${CONFIGURATION}-output-files.xcfilelist",
			);
			runOnlyForDeploymentPostprocessing = 0;
			shellPath = /bin/sh;
			shellScript = "\"${PODS_ROOT}/Target Support Files/Pods-NewARapp/Pods-NewARapp-frameworks.sh\"\n";
			showEnvVarsInLog = 0;
		};
/* End PBXShellScriptBuildPhase section */

/* Begin PBXSourcesBuildPhase section */
		7BFCF465240EC4890018AC1C /* Sources */ = {
			isa = PBXSourcesBuildPhase;
			buildActionMask = 2147483647;
			files = (
				7BFCF471240EC4890018AC1C /* ViewController.swift in Sources */,
				7BFCF46D240EC4890018AC1C /* AppDelegate.swift in Sources */,
			);
			runOnlyForDeploymentPostprocessing = 0;
		};
/* End PBXSourcesBuildPhase section */

/* Begin PBXVariantGroup section */
		7BFCF472240EC4890018AC1C /* Main.storyboard */ = {
			isa = PBXVariantGroup;
			children = (
				7BFCF473240EC4890018AC1C /* Base */,
			);
			name = Main.storyboard;
			sourceTree = "<group>";
		};
		7BFCF477240EC48E0018AC1C /* LaunchScreen.storyboard */ = {
			isa = PBXVariantGroup;
			children = (
				7BFCF478240EC48E0018AC1C /* Base */,
			);
			name = LaunchScreen.storyboard;
			sourceTree = "<group>";
		};
/* End PBXVariantGroup section */

/* Begin XCBuildConfiguration section */
		7BFCF47B240EC48E0018AC1C /* Debug */ = {
			isa = XCBuildConfiguration;
			buildSettings = {
				ALWAYS_SEARCH_USER_PATHS = NO;
				CLANG_ANALYZER_NONNULL = YES;
				CLANG_ANALYZER_NUMBER_OBJECT_CONVERSION = YES_AGGRESSIVE;
				CLANG_CXX_LANGUAGE_STANDARD = "gnu++14";
				CLANG_CXX_LIBRARY = "libc++";
				CLANG_ENABLE_MODULES = YES;
				CLANG_ENABLE_OBJC_ARC = YES;
				CLANG_ENABLE_OBJC_WEAK = YES;
				CLANG_WARN_BLOCK_CAPTURE_AUTORELEASING = YES;
				CLANG_WARN_BOOL_CONVERSION = YES;
				CLANG_WARN_COMMA = YES;
				CLANG_WARN_CONSTANT_CONVERSION = YES;
				CLANG_WARN_DEPRECATED_OBJC_IMPLEMENTATIONS = YES;
				CLANG_WARN_DIRECT_OBJC_ISA_USAGE = YES_ERROR;
				CLANG_WARN_DOCUMENTATION_COMMENTS = YES;
				CLANG_WARN_EMPTY_BODY = YES;
				CLANG_WARN_ENUM_CONVERSION = YES;
				CLANG_WARN_INFINITE_RECURSION = YES;
				CLANG_WARN_INT_CONVERSION = YES;
				CLANG_WARN_NON_LITERAL_NULL_CONVERSION = YES;
				CLANG_WARN_OBJC_IMPLICIT_RETAIN_SELF = YES;
				CLANG_WARN_OBJC_LITERAL_CONVERSION = YES;
				CLANG_WARN_OBJC_ROOT_CLASS = YES_ERROR;
				CLANG_WARN_RANGE_LOOP_ANALYSIS = YES;
				CLANG_WARN_STRICT_PROTOTYPES = YES;
				CLANG_WARN_SUSPICIOUS_MOVE = YES;
				CLANG_WARN_UNGUARDED_AVAILABILITY = YES_AGGRESSIVE;
				CLANG_WARN_UNREACHABLE_CODE = YES;
				CLANG_WARN__DUPLICATE_METHOD_MATCH = YES;
				COPY_PHASE_STRIP = NO;
				DEBUG_INFORMATION_FORMAT = dwarf;
				ENABLE_STRICT_OBJC_MSGSEND = YES;
				ENABLE_TESTABILITY = YES;
				GCC_C_LANGUAGE_STANDARD = gnu11;
				GCC_DYNAMIC_NO_PIC = NO;
				GCC_NO_COMMON_BLOCKS = YES;
				GCC_OPTIMIZATION_LEVEL = 0;
				GCC_PREPROCESSOR_DEFINITIONS = (
					"DEBUG=1",
					"$(inherited)",
				);
				GCC_WARN_64_TO_32_BIT_CONVERSION = YES;
				GCC_WARN_ABOUT_RETURN_TYPE = YES_ERROR;
				GCC_WARN_UNDECLARED_SELECTOR = YES;
				GCC_WARN_UNINITIALIZED_AUTOS = YES_AGGRESSIVE;
				GCC_WARN_UNUSED_FUNCTION = YES;
				GCC_WARN_UNUSED_VARIABLE = YES;
				IPHONEOS_DEPLOYMENT_TARGET = 13.2;
				MTL_ENABLE_DEBUG_INFO = INCLUDE_SOURCE;
				MTL_FAST_MATH = YES;
				ONLY_ACTIVE_ARCH = YES;
				SDKROOT = iphoneos;
				SWIFT_ACTIVE_COMPILATION_CONDITIONS = DEBUG;
				SWIFT_OPTIMIZATION_LEVEL = "-Onone";
			};
			name = Debug;
		};
		7BFCF47C240EC48E0018AC1C /* Release */ = {
			isa = XCBuildConfiguration;
			buildSettings = {
				ALWAYS_SEARCH_USER_PATHS = NO;
				CLANG_ANALYZER_NONNULL = YES;
				CLANG_ANALYZER_NUMBER_OBJECT_CONVERSION = YES_AGGRESSIVE;
				CLANG_CXX_LANGUAGE_STANDARD = "gnu++14";
				CLANG_CXX_LIBRARY = "libc++";
				CLANG_ENABLE_MODULES = YES;
				CLANG_ENABLE_OBJC_ARC = YES;
				CLANG_ENABLE_OBJC_WEAK = YES;
				CLANG_WARN_BLOCK_CAPTURE_AUTORELEASING = YES;
				CLANG_WARN_BOOL_CONVERSION = YES;
				CLANG_WARN_COMMA = YES;
				CLANG_WARN_CONSTANT_CONVERSION = YES;
				CLANG_WARN_DEPRECATED_OBJC_IMPLEMENTATIONS = YES;
				CLANG_WARN_DIRECT_OBJC_ISA_USAGE = YES_ERROR;
				CLANG_WARN_DOCUMENTATION_COMMENTS = YES;
				CLANG_WARN_EMPTY_BODY = YES;
				CLANG_WARN_ENUM_CONVERSION = YES;
				CLANG_WARN_INFINITE_RECURSION = YES;
				CLANG_WARN_INT_CONVERSION = YES;
				CLANG_WARN_NON_LITERAL_NULL_CONVERSION = YES;
				CLANG_WARN_OBJC_IMPLICIT_RETAIN_SELF = YES;
				CLANG_WARN_OBJC_LITERAL_CONVERSION = YES;
				CLANG_WARN_OBJC_ROOT_CLASS = YES_ERROR;
				CLANG_WARN_RANGE_LOOP_ANALYSIS = YES;
				CLANG_WARN_STRICT_PROTOTYPES = YES;
				CLANG_WARN_SUSPICIOUS_MOVE = YES;
				CLANG_WARN_UNGUARDED_AVAILABILITY = YES_AGGRESSIVE;
				CLANG_WARN_UNREACHABLE_CODE = YES;
				CLANG_WARN__DUPLICATE_METHOD_MATCH = YES;
				COPY_PHASE_STRIP = NO;
				DEBUG_INFORMATION_FORMAT = "dwarf-with-dsym";
				ENABLE_NS_ASSERTIONS = NO;
				ENABLE_STRICT_OBJC_MSGSEND = YES;
				GCC_C_LANGUAGE_STANDARD = gnu11;
				GCC_NO_COMMON_BLOCKS = YES;
				GCC_WARN_64_TO_32_BIT_CONVERSION = YES;
				GCC_WARN_ABOUT_RETURN_TYPE = YES_ERROR;
				GCC_WARN_UNDECLARED_SELECTOR = YES;
				GCC_WARN_UNINITIALIZED_AUTOS = YES_AGGRESSIVE;
				GCC_WARN_UNUSED_FUNCTION = YES;
				GCC_WARN_UNUSED_VARIABLE = YES;
				IPHONEOS_DEPLOYMENT_TARGET = 13.2;
				MTL_ENABLE_DEBUG_INFO = NO;
				MTL_FAST_MATH = YES;
				SDKROOT = iphoneos;
				SWIFT_COMPILATION_MODE = wholemodule;
				SWIFT_OPTIMIZATION_LEVEL = "-O";
				VALIDATE_PRODUCT = YES;
			};
			name = Release;
		};
		7BFCF47E240EC48E0018AC1C /* Debug */ = {
			isa = XCBuildConfiguration;
			baseConfigurationReference = 0551619D76EC36D69E2F616F /* Pods-NewARapp.debug.xcconfig */;
			buildSettings = {
				ASSETCATALOG_COMPILER_APPICON_NAME = AppIcon;
				CODE_SIGN_STYLE = Automatic;
				DEVELOPMENT_TEAM = V55N9J394N;
				INFOPLIST_FILE = NewARapp/Info.plist;
				LD_RUNPATH_SEARCH_PATHS = (
					"$(inherited)",
					"@executable_path/Frameworks",
				);
				PRODUCT_BUNDLE_IDENTIFIER = com.ARapplication.NewARapp;
				PRODUCT_NAME = "$(TARGET_NAME)";
				SWIFT_VERSION = 5.0;
				TARGETED_DEVICE_FAMILY = "1,2";
			};
			name = Debug;
		};
		7BFCF47F240EC48E0018AC1C /* Release */ = {
			isa = XCBuildConfiguration;
			baseConfigurationReference = 4FD24CD3D5C67B14F6788D71 /* Pods-NewARapp.release.xcconfig */;
			buildSettings = {
				ASSETCATALOG_COMPILER_APPICON_NAME = AppIcon;
				CODE_SIGN_STYLE = Automatic;
				DEVELOPMENT_TEAM = V55N9J394N;
				INFOPLIST_FILE = NewARapp/Info.plist;
				LD_RUNPATH_SEARCH_PATHS = (
					"$(inherited)",
					"@executable_path/Frameworks",
				);
				PRODUCT_BUNDLE_IDENTIFIER = com.ARapplication.NewARapp;
				PRODUCT_NAME = "$(TARGET_NAME)";
				SWIFT_VERSION = 5.0;
				TARGETED_DEVICE_FAMILY = "1,2";
			};
			name = Release;
		};
/* End XCBuildConfiguration section */

/* Begin XCConfigurationList section */
		7BFCF464240EC4890018AC1C /* Build configuration list for PBXProject "NewARapp" */ = {
			isa = XCConfigurationList;
			buildConfigurations = (
				7BFCF47B240EC48E0018AC1C /* Debug */,
				7BFCF47C240EC48E0018AC1C /* Release */,
			);
			defaultConfigurationIsVisible = 0;
			defaultConfigurationName = Release;
		};
		7BFCF47D240EC48E0018AC1C /* Build configuration list for PBXNativeTarget "NewARapp" */ = {
			isa = XCConfigurationList;
			buildConfigurations = (
				7BFCF47E240EC48E0018AC1C /* Debug */,
				7BFCF47F240EC48E0018AC1C /* Release */,
			);
			defaultConfigurationIsVisible = 0;
			defaultConfigurationName = Release;
		};
/* End XCConfigurationList section */
	};
	rootObject = 7BFCF461240EC4890018AC1C /* Project object */;
}
